
Microsoft Visual Studio Solution File, Format Version 12.00
# Visual Studio Version 17
VisualStudioVersion = 17.1.32421.90
MinimumVisualStudioVersion = 10.0.40219.1
Project("{E24C65DC-7377-472B-9ABA-BC803B73C61A}") = "ProMilesQuiz", "ProMilesQuiz\", "{E47CAE7E-FC58-49F1-B659-C78B1038358C}"
	ProjectSection(WebsiteProperties) = preProject
		TargetFrameworkMoniker = ".NETFramework,Version%3Dv4.7.2"
		Debug.AspNetCompiler.VirtualPath = "/localhost_49811"
		Debug.AspNetCompiler.PhysicalPath = "ProMilesQuiz\"
		Debug.AspNetCompiler.TargetPath = "PrecompiledWeb\localhost_49811\"
		Debug.AspNetCompiler.Updateable = "true"
		Debug.AspNetCompiler.ForceOverwrite = "true"
		Debug.AspNetCompiler.FixedNames = "false"
		Debug.AspNetCompiler.Debug = "True"
		Release.AspNetCompiler.VirtualPath = "/localhost_49811"
		Release.AspNetCompiler.PhysicalPath = "ProMilesQuiz\"
		Release.AspNetCompiler.TargetPath = "PrecompiledWeb\localhost_49811\"
		Release.AspNetCompiler.Updateable = "true"
		Release.AspNetCompiler.ForceOverwrite = "true"
		Release.AspNetCompiler.FixedNames = "false"
		Release.AspNetCompiler.Debug = "False"
		VWDPort = "49811"
		SlnRelativePath = "ProMilesQuiz\"
		DefaultWebSiteLanguage = "Visual C#"
	EndProjectSection
EndProject
Global
	GlobalSection(SolutionConfigurationPlatforms) = preSolution
		Debug|Any CPU = Debug|Any CPU
	EndGlobalSection
	GlobalSection(ProjectConfigurationPlatforms) = postSolution
		{E47CAE7E-FC58-49F1-B659-C78B1038358C}.Debug|Any CPU.ActiveCfg = Debug|Any CPU
		{E47CAE7E-FC58-49F1-B659-C78B1038358C}.Debug|Any CPU.Build.0 = Debug|Any CPU
	EndGlobalSection
	GlobalSection(SolutionProperties) = preSolution
		HideSolutionNode = FALSE
	EndGlobalSection
	GlobalSection(ExtensibilityGlobals) = postSolution
		SolutionGuid = {AC856C46-214B-4962-B96A-3EDB4275584F}
	EndGlobalSection
EndGlobal
